// !$*UTF8*$!
{
	archiveVersion = 1;
	classes = {
	};
	objectVersion = 56;
	objects = {

/* Begin PBXBuildFile section */
		0D11A19F2B6E28C700F1528F /* CheckBox.swift in Sources */ = {isa = PBXBuildFile; fileRef = 0D11A19E2B6E28C700F1528F /* CheckBox.swift */; };
		0D7C2B5B2AC26E92006417E4 /* TodoApp.swift in Sources */ = {isa = PBXBuildFile; fileRef = 0D7C2B5A2AC26E92006417E4 /* TodoApp.swift */; };
		0D7C2B5D2AC26E92006417E4 /* ContentView.swift in Sources */ = {isa = PBXBuildFile; fileRef = 0D7C2B5C2AC26E92006417E4 /* ContentView.swift */; };
		0D7C2B5F2AC26E94006417E4 /* Assets.xcassets in Resources */ = {isa = PBXBuildFile; fileRef = 0D7C2B5E2AC26E94006417E4 /* Assets.xcassets */; };
		0D7C2B622AC26E94006417E4 /* Preview Assets.xcassets in Resources */ = {isa = PBXBuildFile; fileRef = 0D7C2B612AC26E94006417E4 /* Preview Assets.xcassets */; };
		0D7C2B642AC26E94006417E4 /* Persistence.swift in Sources */ = {isa = PBXBuildFile; fileRef = 0D7C2B632AC26E94006417E4 /* Persistence.swift */; };
		0D7C2B672AC26E94006417E4 /* Todo.xcdatamodeld in Sources */ = {isa = PBXBuildFile; fileRef = 0D7C2B652AC26E94006417E4 /* Todo.xcdatamodeld */; };
		0D7C2B712AC26E94006417E4 /* TodoTests.swift in Sources */ = {isa = PBXBuildFile; fileRef = 0D7C2B702AC26E94006417E4 /* TodoTests.swift */; };
		0D7C2B7B2AC26E94006417E4 /* TodoUITests.swift in Sources */ = {isa = PBXBuildFile; fileRef = 0D7C2B7A2AC26E94006417E4 /* TodoUITests.swift */; };
		0D7C2B7D2AC26E94006417E4 /* TodoUITestsLaunchTests.swift in Sources */ = {isa = PBXBuildFile; fileRef = 0D7C2B7C2AC26E94006417E4 /* TodoUITestsLaunchTests.swift */; };
		0D7C2B8A2AC401E1006417E4 /* CategoryImage.swift in Sources */ = {isa = PBXBuildFile; fileRef = 0D7C2B892AC401E1006417E4 /* CategoryImage.swift */; };
/* End PBXBuildFile section */

/* Begin PBXContainerItemProxy section */
		0D7C2B6D2AC26E94006417E4 /* PBXContainerItemProxy */ = {
			isa = PBXContainerItemProxy;
			containerPortal = 0D7C2B4F2AC26E91006417E4 /* Project object */;
			proxyType = 1;
			remoteGlobalIDString = 0D7C2B562AC26E92006417E4;
			remoteInfo = Todo;
		};
		0D7C2B772AC26E94006417E4 /* PBXContainerItemProxy */ = {
			isa = PBXContainerItemProxy;
			containerPortal = 0D7C2B4F2AC26E91006417E4 /* Project object */;
			proxyType = 1;
			remoteGlobalIDString = 0D7C2B562AC26E92006417E4;
			remoteInfo = Todo;
		};
/* End PBXContainerItemProxy section */

/* Begin PBXFileReference section */
		0D11A19E2B6E28C700F1528F /* CheckBox.swift */ = {isa = PBXFileReference; lastKnownFileType = sourcecode.swift; path = CheckBox.swift; sourceTree = "<group>"; };
		0D3FA4372B73BFDF00E5A2EF /* TodoRelease.entitlements */ = {isa = PBXFileReference; lastKnownFileType = text.plist.entitlements; path = TodoRelease.entitlements; sourceTree = "<group>"; };
		0D7C2B572AC26E92006417E4 /* Todo.app */ = {isa = PBXFileReference; explicitFileType = wrapper.application; includeInIndex = 0; path = Todo.app; sourceTree = BUILT_PRODUCTS_DIR; };
		0D7C2B5A2AC26E92006417E4 /* TodoApp.swift */ = {isa = PBXFileReference; lastKnownFileType = sourcecode.swift; path = TodoApp.swift; sourceTree = "<group>"; };
		0D7C2B5C2AC26E92006417E4 /* ContentView.swift */ = {isa = PBXFileReference; lastKnownFileType = sourcecode.swift; path = ContentView.swift; sourceTree = "<group>"; };
		0D7C2B5E2AC26E94006417E4 /* Assets.xcassets */ = {isa = PBXFileReference; lastKnownFileType = folder.assetcatalog; path = Assets.xcassets; sourceTree = "<group>"; };
		0D7C2B612AC26E94006417E4 /* Preview Assets.xcassets */ = {isa = PBXFileReference; lastKnownFileType = folder.assetcatalog; path = "Preview Assets.xcassets"; sourceTree = "<group>"; };
		0D7C2B632AC26E94006417E4 /* Persistence.swift */ = {isa = PBXFileReference; lastKnownFileType = sourcecode.swift; path = Persistence.swift; sourceTree = "<group>"; };
		0D7C2B662AC26E94006417E4 /* Todo.xcdatamodel */ = {isa = PBXFileReference; lastKnownFileType = wrapper.xcdatamodel; path = Todo.xcdatamodel; sourceTree = "<group>"; };
		0D7C2B6C2AC26E94006417E4 /* TodoTests.xctest */ = {isa = PBXFileReference; explicitFileType = wrapper.cfbundle; includeInIndex = 0; path = TodoTests.xctest; sourceTree = BUILT_PRODUCTS_DIR; };
		0D7C2B702AC26E94006417E4 /* TodoTests.swift */ = {isa = PBXFileReference; lastKnownFileType = sourcecode.swift; path = TodoTests.swift; sourceTree = "<group>"; };
		0D7C2B762AC26E94006417E4 /* TodoUITests.xctest */ = {isa = PBXFileReference; explicitFileType = wrapper.cfbundle; includeInIndex = 0; path = TodoUITests.xctest; sourceTree = BUILT_PRODUCTS_DIR; };
		0D7C2B7A2AC26E94006417E4 /* TodoUITests.swift */ = {isa = PBXFileReference; lastKnownFileType = sourcecode.swift; path = TodoUITests.swift; sourceTree = "<group>"; };
		0D7C2B7C2AC26E94006417E4 /* TodoUITestsLaunchTests.swift */ = {isa = PBXFileReference; lastKnownFileType = sourcecode.swift; path = TodoUITestsLaunchTests.swift; sourceTree = "<group>"; };
		0D7C2B892AC401E1006417E4 /* CategoryImage.swift */ = {isa = PBXFileReference; lastKnownFileType = sourcecode.swift; path = CategoryImage.swift; sourceTree = "<group>"; };
/* End PBXFileReference section */

/* Begin PBXFrameworksBuildPhase section */
		0D7C2B542AC26E92006417E4 /* Frameworks */ = {
			isa = PBXFrameworksBuildPhase;
			buildActionMask = 2147483647;
			files = (
			);
			runOnlyForDeploymentPostprocessing = 0;
		};
		0D7C2B692AC26E94006417E4 /* Frameworks */ = {
			isa = PBXFrameworksBuildPhase;
			buildActionMask = 2147483647;
			files = (
			);
			runOnlyForDeploymentPostprocessing = 0;
		};
		0D7C2B732AC26E94006417E4 /* Frameworks */ = {
			isa = PBXFrameworksBuildPhase;
			buildActionMask = 2147483647;
			files = (
			);
			runOnlyForDeploymentPostprocessing = 0;
		};
/* End PBXFrameworksBuildPhase section */

/* Begin PBXGroup section */
		0D7C2B4E2AC26E91006417E4 = {
			isa = PBXGroup;
			children = (
				0D7C2B592AC26E92006417E4 /* Todo */,
				0D7C2B6F2AC26E94006417E4 /* TodoTests */,
				0D7C2B792AC26E94006417E4 /* TodoUITests */,
				0D7C2B582AC26E92006417E4 /* Products */,
			);
			sourceTree = "<group>";
		};
		0D7C2B582AC26E92006417E4 /* Products */ = {
			isa = PBXGroup;
			children = (
				0D7C2B572AC26E92006417E4 /* Todo.app */,
				0D7C2B6C2AC26E94006417E4 /* TodoTests.xctest */,
				0D7C2B762AC26E94006417E4 /* TodoUITests.xctest */,
			);
			name = Products;
			sourceTree = "<group>";
		};
		0D7C2B592AC26E92006417E4 /* Todo */ = {
			isa = PBXGroup;
			children = (
				0D3FA4372B73BFDF00E5A2EF /* TodoRelease.entitlements */,
				0D7C2B5A2AC26E92006417E4 /* TodoApp.swift */,
				0D7C2B5C2AC26E92006417E4 /* ContentView.swift */,
				0D7C2B892AC401E1006417E4 /* CategoryImage.swift */,
				0D11A19E2B6E28C700F1528F /* CheckBox.swift */,
				0D7C2B5E2AC26E94006417E4 /* Assets.xcassets */,
				0D7C2B632AC26E94006417E4 /* Persistence.swift */,
				0D7C2B652AC26E94006417E4 /* Todo.xcdatamodeld */,
				0D7C2B602AC26E94006417E4 /* Preview Content */,
			);
			path = Todo;
			sourceTree = "<group>";
		};
		0D7C2B602AC26E94006417E4 /* Preview Content */ = {
			isa = PBXGroup;
			children = (
				0D7C2B612AC26E94006417E4 /* Preview Assets.xcassets */,
			);
			path = "Preview Content";
			sourceTree = "<group>";
		};
		0D7C2B6F2AC26E94006417E4 /* TodoTests */ = {
			isa = PBXGroup;
			children = (
				0D7C2B702AC26E94006417E4 /* TodoTests.swift */,
			);
			path = TodoTests;
			sourceTree = "<group>";
		};
		0D7C2B792AC26E94006417E4 /* TodoUITests */ = {
			isa = PBXGroup;
			children = (
				0D7C2B7A2AC26E94006417E4 /* TodoUITests.swift */,
				0D7C2B7C2AC26E94006417E4 /* TodoUITestsLaunchTests.swift */,
			);
			path = TodoUITests;
			sourceTree = "<group>";
		};
/* End PBXGroup section */

/* Begin PBXNativeTarget section */
		0D7C2B562AC26E92006417E4 /* Todo */ = {
			isa = PBXNativeTarget;
			buildConfigurationList = 0D7C2B802AC26E94006417E4 /* Build configuration list for PBXNativeTarget "Todo" */;
			buildPhases = (
				0D7C2B532AC26E92006417E4 /* Sources */,
				0D7C2B542AC26E92006417E4 /* Frameworks */,
				0D7C2B552AC26E92006417E4 /* Resources */,
			);
			buildRules = (
			);
			dependencies = (
			);
			name = Todo;
			productName = Todo;
			productReference = 0D7C2B572AC26E92006417E4 /* Todo.app */;
			productType = "com.apple.product-type.application";
		};
		0D7C2B6B2AC26E94006417E4 /* TodoTests */ = {
			isa = PBXNativeTarget;
			buildConfigurationList = 0D7C2B832AC26E94006417E4 /* Build configuration list for PBXNativeTarget "TodoTests" */;
			buildPhases = (
				0D7C2B682AC26E94006417E4 /* Sources */,
				0D7C2B692AC26E94006417E4 /* Frameworks */,
				0D7C2B6A2AC26E94006417E4 /* Resources */,
			);
			buildRules = (
			);
			dependencies = (
				0D7C2B6E2AC26E94006417E4 /* PBXTargetDependency */,
			);
			name = TodoTests;
			productName = TodoTests;
			productReference = 0D7C2B6C2AC26E94006417E4 /* TodoTests.xctest */;
			productType = "com.apple.product-type.bundle.unit-test";
		};
		0D7C2B752AC26E94006417E4 /* TodoUITests */ = {
			isa = PBXNativeTarget;
			buildConfigurationList = 0D7C2B862AC26E94006417E4 /* Build configuration list for PBXNativeTarget "TodoUITests" */;
			buildPhases = (
				0D7C2B722AC26E94006417E4 /* Sources */,
				0D7C2B732AC26E94006417E4 /* Frameworks */,
				0D7C2B742AC26E94006417E4 /* Resources */,
			);
			buildRules = (
			);
			dependencies = (
				0D7C2B782AC26E94006417E4 /* PBXTargetDependency */,
			);
			name = TodoUITests;
			productName = TodoUITests;
			productReference = 0D7C2B762AC26E94006417E4 /* TodoUITests.xctest */;
			productType = "com.apple.product-type.bundle.ui-testing";
		};
/* End PBXNativeTarget section */

/* Begin PBXProject section */
		0D7C2B4F2AC26E91006417E4 /* Project object */ = {
			isa = PBXProject;
			attributes = {
				BuildIndependentTargetsInParallel = 1;
				LastSwiftUpdateCheck = 1420;
				LastUpgradeCheck = 1420;
				TargetAttributes = {
					0D7C2B562AC26E92006417E4 = {
						CreatedOnToolsVersion = 14.2;
					};
					0D7C2B6B2AC26E94006417E4 = {
						CreatedOnToolsVersion = 14.2;
						TestTargetID = 0D7C2B562AC26E92006417E4;
					};
					0D7C2B752AC26E94006417E4 = {
						CreatedOnToolsVersion = 14.2;
						TestTargetID = 0D7C2B562AC26E92006417E4;
					};
				};
			};
			buildConfigurationList = 0D7C2B522AC26E91006417E4 /* Build configuration list for PBXProject "Todo" */;
			compatibilityVersion = "Xcode 14.0";
			developmentRegion = en;
			hasScannedForEncodings = 0;
			knownRegions = (
				en,
				Base,
			);
			mainGroup = 0D7C2B4E2AC26E91006417E4;
			productRefGroup = 0D7C2B582AC26E92006417E4 /* Products */;
			projectDirPath = "";
			projectRoot = "";
			targets = (
				0D7C2B562AC26E92006417E4 /* Todo */,
				0D7C2B6B2AC26E94006417E4 /* TodoTests */,
				0D7C2B752AC26E94006417E4 /* TodoUITests */,
			);
		};
/* End PBXProject section */

/* Begin PBXResourcesBuildPhase section */
		0D7C2B552AC26E92006417E4 /* Resources */ = {
			isa = PBXResourcesBuildPhase;
			buildActionMask = 2147483647;
			files = (
				0D7C2B622AC26E94006417E4 /* Preview Assets.xcassets in Resources */,
				0D7C2B5F2AC26E94006417E4 /* Assets.xcassets in Resources */,
			);
			runOnlyForDeploymentPostprocessing = 0;
		};
		0D7C2B6A2AC26E94006417E4 /* Resources */ = {
			isa = PBXResourcesBuildPhase;
			buildActionMask = 2147483647;
			files = (
			);
			runOnlyForDeploymentPostprocessing = 0;
		};
		0D7C2B742AC26E94006417E4 /* Resources */ = {
			isa = PBXResourcesBuildPhase;
			buildActionMask = 2147483647;
			files = (
			);
			runOnlyForDeploymentPostprocessing = 0;
		};
/* End PBXResourcesBuildPhase section */

/* Begin PBXSourcesBuildPhase section */
		0D7C2B532AC26E92006417E4 /* Sources */ = {
			isa = PBXSourcesBuildPhase;
			buildActionMask = 2147483647;
			files = (
				0D7C2B642AC26E94006417E4 /* Persistence.swift in Sources */,
				0D7C2B5D2AC26E92006417E4 /* ContentView.swift in Sources */,
				0D11A19F2B6E28C700F1528F /* CheckBox.swift in Sources */,
				0D7C2B5B2AC26E92006417E4 /* TodoApp.swift in Sources */,
				0D7C2B8A2AC401E1006417E4 /* CategoryImage.swift in Sources */,
				0D7C2B672AC26E94006417E4 /* Todo.xcdatamodeld in Sources */,
			);
			runOnlyForDeploymentPostprocessing = 0;
		};
		0D7C2B682AC26E94006417E4 /* Sources */ = {
			isa = PBXSourcesBuildPhase;
			buildActionMask = 2147483647;
			files = (
				0D7C2B712AC26E94006417E4 /* TodoTests.swift in Sources */,
			);
			runOnlyForDeploymentPostprocessing = 0;
		};
		0D7C2B722AC26E94006417E4 /* Sources */ = {
			isa = PBXSourcesBuildPhase;
			buildActionMask = 2147483647;
			files = (
				0D7C2B7D2AC26E94006417E4 /* TodoUITestsLaunchTests.swift in Sources */,
				0D7C2B7B2AC26E94006417E4 /* TodoUITests.swift in Sources */,
			);
			runOnlyForDeploymentPostprocessing = 0;
		};
/* End PBXSourcesBuildPhase section */

/* Begin PBXTargetDependency section */
		0D7C2B6E2AC26E94006417E4 /* PBXTargetDependency */ = {
			isa = PBXTargetDependency;
			target = 0D7C2B562AC26E92006417E4 /* Todo */;
			targetProxy = 0D7C2B6D2AC26E94006417E4 /* PBXContainerItemProxy */;
		};
		0D7C2B782AC26E94006417E4 /* PBXTargetDependency */ = {
			isa = PBXTargetDependency;
			target = 0D7C2B562AC26E92006417E4 /* Todo */;
			targetProxy = 0D7C2B772AC26E94006417E4 /* PBXContainerItemProxy */;
		};
/* End PBXTargetDependency section */

/* Begin XCBuildConfiguration section */
		0D7C2B7E2AC26E94006417E4 /* Debug */ = {
			isa = XCBuildConfiguration;
			buildSettings = {
				ALWAYS_SEARCH_USER_PATHS = NO;
				CLANG_ANALYZER_NONNULL = YES;
				CLANG_ANALYZER_NUMBER_OBJECT_CONVERSION = YES_AGGRESSIVE;
				CLANG_CXX_LANGUAGE_STANDARD = "gnu++20";
				CLANG_ENABLE_MODULES = YES;
				CLANG_ENABLE_OBJC_ARC = YES;
				CLANG_ENABLE_OBJC_WEAK = YES;
				CLANG_WARN_BLOCK_CAPTURE_AUTORELEASING = YES;
				CLANG_WARN_BOOL_CONVERSION = YES;
				CLANG_WARN_COMMA = YES;
				CLANG_WARN_CONSTANT_CONVERSION = YES;
				CLANG_WARN_DEPRECATED_OBJC_IMPLEMENTATIONS = YES;
				CLANG_WARN_DIRECT_OBJC_ISA_USAGE = YES_ERROR;
				CLANG_WARN_DOCUMENTATION_COMMENTS = YES;
				CLANG_WARN_EMPTY_BODY = YES;
				CLANG_WARN_ENUM_CONVERSION = YES;
				CLANG_WARN_INFINITE_RECURSION = YES;
				CLANG_WARN_INT_CONVERSION = YES;
				CLANG_WARN_NON_LITERAL_NULL_CONVERSION = YES;
				CLANG_WARN_OBJC_IMPLICIT_RETAIN_SELF = YES;
				CLANG_WARN_OBJC_LITERAL_CONVERSION = YES;
				CLANG_WARN_OBJC_ROOT_CLASS = YES_ERROR;
				CLANG_WARN_QUOTED_INCLUDE_IN_FRAMEWORK_HEADER = YES;
				CLANG_WARN_RANGE_LOOP_ANALYSIS = YES;
				CLANG_WARN_STRICT_PROTOTYPES = YES;
				CLANG_WARN_SUSPICIOUS_MOVE = YES;
				CLANG_WARN_UNGUARDED_AVAILABILITY = YES_AGGRESSIVE;
				CLANG_WARN_UNREACHABLE_CODE = YES;
				CLANG_WARN__DUPLICATE_METHOD_MATCH = YES;
				COPY_PHASE_STRIP = NO;
				DEBUG_INFORMATION_FORMAT = dwarf;
				ENABLE_STRICT_OBJC_MSGSEND = YES;
				ENABLE_TESTABILITY = YES;
				GCC_C_LANGUAGE_STANDARD = gnu11;
				GCC_DYNAMIC_NO_PIC = NO;
				GCC_NO_COMMON_BLOCKS = YES;
				GCC_OPTIMIZATION_LEVEL = 0;
				GCC_PREPROCESSOR_DEFINITIONS = (
					"DEBUG=1",
					"$(inherited)",
				);
				GCC_WARN_64_TO_32_BIT_CONVERSION = YES;
				GCC_WARN_ABOUT_RETURN_TYPE = YES_ERROR;
				GCC_WARN_UNDECLARED_SELECTOR = YES;
				GCC_WARN_UNINITIALIZED_AUTOS = YES_AGGRESSIVE;
				GCC_WARN_UNUSED_FUNCTION = YES;
				GCC_WARN_UNUSED_VARIABLE = YES;
				IPHONEOS_DEPLOYMENT_TARGET = 16.2;
				MTL_ENABLE_DEBUG_INFO = INCLUDE_SOURCE;
				MTL_FAST_MATH = YES;
				ONLY_ACTIVE_ARCH = YES;
				SDKROOT = iphoneos;
				SWIFT_ACTIVE_COMPILATION_CONDITIONS = DEBUG;
				SWIFT_OPTIMIZATION_LEVEL = "-Onone";
			};
			name = Debug;
		};
		0D7C2B7F2AC26E94006417E4 /* Release */ = {
			isa = XCBuildConfiguration;
			buildSettings = {
				ALWAYS_SEARCH_USER_PATHS = NO;
				CLANG_ANALYZER_NONNULL = YES;
				CLANG_ANALYZER_NUMBER_OBJECT_CONVERSION = YES_AGGRESSIVE;
				CLANG_CXX_LANGUAGE_STANDARD = "gnu++20";
				CLANG_ENABLE_MODULES = YES;
				CLANG_ENABLE_OBJC_ARC = YES;
				CLANG_ENABLE_OBJC_WEAK = YES;
				CLANG_WARN_BLOCK_CAPTURE_AUTORELEASING = YES;
				CLANG_WARN_BOOL_CONVERSION = YES;
				CLANG_WARN_COMMA = YES;
				CLANG_WARN_CONSTANT_CONVERSION = YES;
				CLANG_WARN_DEPRECATED_OBJC_IMPLEMENTATIONS = YES;
				CLANG_WARN_DIRECT_OBJC_ISA_USAGE = YES_ERROR;
				CLANG_WARN_DOCUMENTATION_COMMENTS = YES;
				CLANG_WARN_EMPTY_BODY = YES;
				CLANG_WARN_ENUM_CONVERSION = YES;
				CLANG_WARN_INFINITE_RECURSION = YES;
				CLANG_WARN_INT_CONVERSION = YES;
				CLANG_WARN_NON_LITERAL_NULL_CONVERSION = YES;
				CLANG_WARN_OBJC_IMPLICIT_RETAIN_SELF = YES;
				CLANG_WARN_OBJC_LITERAL_CONVERSION = YES;
				CLANG_WARN_OBJC_ROOT_CLASS = YES_ERROR;
				CLANG_WARN_QUOTED_INCLUDE_IN_FRAMEWORK_HEADER = YES;
				CLANG_WARN_RANGE_LOOP_ANALYSIS = YES;
				CLANG_WARN_STRICT_PROTOTYPES = YES;
				CLANG_WARN_SUSPICIOUS_MOVE = YES;
				CLANG_WARN_UNGUARDED_AVAILABILITY = YES_AGGRESSIVE;
				CLANG_WARN_UNREACHABLE_CODE = YES;
				CLANG_WARN__DUPLICATE_METHOD_MATCH = YES;
				COPY_PHASE_STRIP = NO;
				DEBUG_INFORMATION_FORMAT = "dwarf-with-dsym";
				ENABLE_NS_ASSERTIONS = NO;
				ENABLE_STRICT_OBJC_MSGSEND = YES;
				GCC_C_LANGUAGE_STANDARD = gnu11;
				GCC_NO_COMMON_BLOCKS = YES;
				GCC_WARN_64_TO_32_BIT_CONVERSION = YES;
				GCC_WARN_ABOUT_RETURN_TYPE = YES_ERROR;
				GCC_WARN_UNDECLARED_SELECTOR = YES;
				GCC_WARN_UNINITIALIZED_AUTOS = YES_AGGRESSIVE;
				GCC_WARN_UNUSED_FUNCTION = YES;
				GCC_WARN_UNUSED_VARIABLE = YES;
				IPHONEOS_DEPLOYMENT_TARGET = 16.2;
				MTL_ENABLE_DEBUG_INFO = NO;
				MTL_FAST_MATH = YES;
				SDKROOT = iphoneos;
				SWIFT_COMPILATION_MODE = wholemodule;
				SWIFT_OPTIMIZATION_LEVEL = "-O";
				VALIDATE_PRODUCT = YES;
			};
			name = Release;
		};
		0D7C2B812AC26E94006417E4 /* Debug */ = {
			isa = XCBuildConfiguration;
			buildSettings = {
				ASSETCATALOG_COMPILER_APPICON_NAME = AppIcon;
				ASSETCATALOG_COMPILER_GLOBAL_ACCENT_COLOR_NAME = AccentColor;
				CODE_SIGN_IDENTITY = "Apple Development";
				CODE_SIGN_STYLE = Automatic;
				CURRENT_PROJECT_VERSION = 1;
				DEVELOPMENT_ASSET_PATHS = "\"Todo/Preview Content\"";
				DEVELOPMENT_TEAM = 8PLY4P4X3B;
				ENABLE_PREVIEWS = YES;
				GENERATE_INFOPLIST_FILE = YES;
				INFOPLIST_KEY_CFBundleDisplayName = Todoapp;
				INFOPLIST_KEY_UIApplicationSceneManifest_Generation = YES;
				INFOPLIST_KEY_UIApplicationSupportsIndirectInputEvents = YES;
				INFOPLIST_KEY_UILaunchScreen_Generation = YES;
				INFOPLIST_KEY_UISupportedInterfaceOrientations = UIInterfaceOrientationPortrait;
				INFOPLIST_KEY_UISupportedInterfaceOrientations_iPad = "UIInterfaceOrientationLandscapeLeft UIInterfaceOrientationLandscapeRight UIInterfaceOrientationPortrait UIInterfaceOrientationPortraitUpsideDown";
				LD_RUNPATH_SEARCH_PATHS = (
					"$(inherited)",
					"@executable_path/Frameworks",
				);
				MARKETING_VERSION = 1.0;
				PRODUCT_BUNDLE_IDENTIFIER = com.example.riccckkyyy.Todo;
				PRODUCT_NAME = "$(TARGET_NAME)";
				PROVISIONING_PROFILE_SPECIFIER = "";
				SWIFT_EMIT_LOC_STRINGS = YES;
				SWIFT_VERSION = 5.0;
				TARGETED_DEVICE_FAMILY = "1,2";
			};
			name = Debug;
		};
		0D7C2B822AC26E94006417E4 /* Release */ = {
			isa = XCBuildConfiguration;
			buildSettings = {
				ASSETCATALOG_COMPILER_APPICON_NAME = AppIcon;
				ASSETCATALOG_COMPILER_GLOBAL_ACCENT_COLOR_NAME = AccentColor;
				CODE_SIGN_ENTITLEMENTS = Todo/TodoRelease.entitlements;
				CODE_SIGN_IDENTITY = "Apple Development";
				CODE_SIGN_STYLE = Automatic;
				CURRENT_PROJECT_VERSION = 1;
				DEVELOPMENT_ASSET_PATHS = "\"Todo/Preview Content\"";
				DEVELOPMENT_TEAM = 8PLY4P4X3B;
				ENABLE_PREVIEWS = YES;
				GENERATE_INFOPLIST_FILE = YES;
				INFOPLIST_KEY_CFBundleDisplayName = Todoapp;
				INFOPLIST_KEY_UIApplicationSceneManifest_Generation = YES;
				INFOPLIST_KEY_UIApplicationSupportsIndirectInputEvents = YES;
				INFOPLIST_KEY_UILaunchScreen_Generation = YES;
				INFOPLIST_KEY_UISupportedInterfaceOrientations = UIInterfaceOrientationPortrait;
				INFOPLIST_KEY_UISupportedInterfaceOrientations_iPad = "UIInterfaceOrientationLandscapeLeft UIInterfaceOrientationLandscapeRight UIInterfaceOrientationPortrait UIInterfaceOrientationPortraitUpsideDown";
				LD_RUNPATH_SEARCH_PATHS = (
					"$(inherited)",
					"@executable_path/Frameworks",
				);
				MARKETING_VERSION = 1.0;
				PRODUCT_BUNDLE_IDENTIFIER = com.example.riccckkyyy.Todo;
				PRODUCT_NAME = "$(TARGET_NAME)";
				PROVISIONING_PROFILE_SPECIFIER = "";
				SWIFT_EMIT_LOC_STRINGS = YES;
				SWIFT_VERSION = 5.0;
				TARGETED_DEVICE_FAMILY = "1,2";
			};
			name = Release;
		};
		0D7C2B842AC26E94006417E4 /* Debug */ = {
			isa = XCBuildConfiguration;
			buildSettings = {
				ALWAYS_EMBED_SWIFT_STANDARD_LIBRARIES = YES;
				BUNDLE_LOADER = "$(TEST_HOST)";
				CODE_SIGN_STYLE = Automatic;
				CURRENT_PROJECT_VERSION = 1;
				DEVELOPMENT_TEAM = 9SK46775H8;
				GENERATE_INFOPLIST_FILE = YES;
				IPHONEOS_DEPLOYMENT_TARGET = 16.2;
				MARKETING_VERSION = 1.0;
				PRODUCT_BUNDLE_IDENTIFIER = com.example.TodoTests;
				PRODUCT_NAME = "$(TARGET_NAME)";
				SWIFT_EMIT_LOC_STRINGS = NO;
				SWIFT_VERSION = 5.0;
				TARGETED_DEVICE_FAMILY = "1,2";
				TEST_HOST = "$(BUILT_PRODUCTS_DIR)/Todo.app/$(BUNDLE_EXECUTABLE_FOLDER_PATH)/Todo";
			};
			name = Debug;
		};
		0D7C2B852AC26E94006417E4 /* Release */ = {
			isa = XCBuildConfiguration;
			buildSettings = {
				ALWAYS_EMBED_SWIFT_STANDARD_LIBRARIES = YES;
				BUNDLE_LOADER = "$(TEST_HOST)";
				CODE_SIGN_STYLE = Automatic;
				CURRENT_PROJECT_VERSION = 1;
				DEVELOPMENT_TEAM = 9SK46775H8;
				GENERATE_INFOPLIST_FILE = YES;
				IPHONEOS_DEPLOYMENT_TARGET = 16.2;
				MARKETING_VERSION = 1.0;
				PRODUCT_BUNDLE_IDENTIFIER = com.example.TodoTests;
				PRODUCT_NAME = "$(TARGET_NAME)";
				SWIFT_EMIT_LOC_STRINGS = NO;
				SWIFT_VERSION = 5.0;
				TARGETED_DEVICE_FAMILY = "1,2";
				TEST_HOST = "$(BUILT_PRODUCTS_DIR)/Todo.app/$(BUNDLE_EXECUTABLE_FOLDER_PATH)/Todo";
			};
			name = Release;
		};
		0D7C2B872AC26E94006417E4 /* Debug */ = {
			isa = XCBuildConfiguration;
			buildSettings = {
				ALWAYS_EMBED_SWIFT_STANDARD_LIBRARIES = YES;
				CODE_SIGN_STYLE = Automatic;
				CURRENT_PROJECT_VERSION = 1;
				DEVELOPMENT_TEAM = 9SK46775H8;
				GENERATE_INFOPLIST_FILE = YES;
				MARKETING_VERSION = 1.0;
				PRODUCT_BUNDLE_IDENTIFIER = com.example.TodoUITests;
				PRODUCT_NAME = "$(TARGET_NAME)";
				SWIFT_EMIT_LOC_STRINGS = NO;
				SWIFT_VERSION = 5.0;
				TARGETED_DEVICE_FAMILY = "1,2";
				TEST_TARGET_NAME = Todo;
			};
			name = Debug;
		};
		0D7C2B882AC26E94006417E4 /* Release */ = {
			isa = XCBuildConfiguration;
			buildSettings = {
				ALWAYS_EMBED_SWIFT_STANDARD_LIBRARIES = YES;
				CODE_SIGN_STYLE = Automatic;
				CURRENT_PROJECT_VERSION = 1;
				DEVELOPMENT_TEAM = 9SK46775H8;
				GENERATE_INFOPLIST_FILE = YES;
				MARKETING_VERSION = 1.0;
				PRODUCT_BUNDLE_IDENTIFIER = com.example.TodoUITests;
				PRODUCT_NAME = "$(TARGET_NAME)";
				SWIFT_EMIT_LOC_STRINGS = NO;
				SWIFT_VERSION = 5.0;
				TARGETED_DEVICE_FAMILY = "1,2";
				TEST_TARGET_NAME = Todo;
			};
			name = Release;
		};
/* End XCBuildConfiguration section */

/* Begin XCConfigurationList section */
		0D7C2B522AC26E91006417E4 /* Build configuration list for PBXProject "Todo" */ = {
			isa = XCConfigurationList;
			buildConfigurations = (
				0D7C2B7E2AC26E94006417E4 /* Debug */,
				0D7C2B7F2AC26E94006417E4 /* Release */,
			);
			defaultConfigurationIsVisible = 0;
			defaultConfigurationName = Release;
		};
		0D7C2B802AC26E94006417E4 /* Build configuration list for PBXNativeTarget "Todo" */ = {
			isa = XCConfigurationList;
			buildConfigurations = (
				0D7C2B812AC26E94006417E4 /* Debug */,
				0D7C2B822AC26E94006417E4 /* Release */,
			);
			defaultConfigurationIsVisible = 0;
			defaultConfigurationName = Release;
		};
		0D7C2B832AC26E94006417E4 /* Build configuration list for PBXNativeTarget "TodoTests" */ = {
			isa = XCConfigurationList;
			buildConfigurations = (
				0D7C2B842AC26E94006417E4 /* Debug */,
				0D7C2B852AC26E94006417E4 /* Release */,
			);
			defaultConfigurationIsVisible = 0;
			defaultConfigurationName = Release;
		};
		0D7C2B862AC26E94006417E4 /* Build configuration list for PBXNativeTarget "TodoUITests" */ = {
			isa = XCConfigurationList;
			buildConfigurations = (
				0D7C2B872AC26E94006417E4 /* Debug */,
				0D7C2B882AC26E94006417E4 /* Release */,
			);
			defaultConfigurationIsVisible = 0;
			defaultConfigurationName = Release;
		};
/* End XCConfigurationList section */

/* Begin XCVersionGroup section */
		0D7C2B652AC26E94006417E4 /* Todo.xcdatamodeld */ = {
			isa = XCVersionGroup;
			children = (
				0D7C2B662AC26E94006417E4 /* Todo.xcdatamodel */,
			);
			currentVersion = 0D7C2B662AC26E94006417E4 /* Todo.xcdatamodel */;
			path = Todo.xcdatamodeld;
			sourceTree = "<group>";
			versionGroupType = wrapper.xcdatamodel;
		};
/* End XCVersionGroup section */
	};
	rootObject = 0D7C2B4F2AC26E91006417E4 /* Project object */;
}
